
Microsoft Visual Studio Solution File, Format Version 12.00
# Visual Studio Version 16
VisualStudioVersion = 16.0.31829.152
MinimumVisualStudioVersion = 10.0.40219.1
Project("{FAE04EC0-301F-11D3-BF4B-00C04F79EFBC}") = "Lab 13 copy", "Lab 13 copy\Lab 13 copy.csproj", "{3A752D56-C4A5-4711-9F04-F4C328E70CAF}"
EndProject
Global
	GlobalSection(SolutionConfigurationPlatforms) = preSolution
		Debug|Any CPU = Debug|Any CPU
		Release|Any CPU = Release|Any CPU
	EndGlobalSection
	GlobalSection(ProjectConfigurationPlatforms) = postSolution
		{3A752D56-C4A5-4711-9F04-F4C328E70CAF}.Debug|Any CPU.ActiveCfg = Debug|Any CPU
		{3A752D56-C4A5-4711-9F04-F4C328E70CAF}.Debug|Any CPU.Build.0 = Debug|Any CPU
		{3A752D56-C4A5-4711-9F04-F4C328E70CAF}.Release|Any CPU.ActiveCfg = Release|Any CPU
		{3A752D56-C4A5-4711-9F04-F4C328E70CAF}.Release|Any CPU.Build.0 = Release|Any CPU
	EndGlobalSection
	GlobalSection(SolutionProperties) = preSolution
		HideSolutionNode = FALSE
	EndGlobalSection
	GlobalSection(ExtensibilityGlobals) = postSolution
		SolutionGuid = {631B5AEE-7943-4E9A-A2EA-F750ADF60E8E}
	EndGlobalSection
EndGlobal
